// !$*UTF8*$!
{
	archiveVersion = 1;
	classes = {
	};
	objectVersion = 46;
	objects = {

/* Begin PBXBuildFile section */
		3362980F1B2D43F100EF6074 /* AppDelegate.swift in Sources */ = {isa = PBXBuildFile; fileRef = 3362980E1B2D43F100EF6074 /* AppDelegate.swift */; };
		336298111B2D43F100EF6074 /* ViewController.swift in Sources */ = {isa = PBXBuildFile; fileRef = 336298101B2D43F100EF6074 /* ViewController.swift */; };
		336298141B2D43F100EF6074 /* Main.storyboard in Resources */ = {isa = PBXBuildFile; fileRef = 336298121B2D43F100EF6074 /* Main.storyboard */; };
		336298161B2D43F100EF6074 /* Images.xcassets in Resources */ = {isa = PBXBuildFile; fileRef = 336298151B2D43F100EF6074 /* Images.xcassets */; };
		336298191B2D43F100EF6074 /* LaunchScreen.xib in Resources */ = {isa = PBXBuildFile; fileRef = 336298171B2D43F100EF6074 /* LaunchScreen.xib */; };
		336298251B2D43F100EF6074 /* crap_app_Tests.swift in Sources */ = {isa = PBXBuildFile; fileRef = 336298241B2D43F100EF6074 /* crap_app_Tests.swift */; };
/* End PBXBuildFile section */

/* Begin PBXContainerItemProxy section */
		3362981F1B2D43F100EF6074 /* PBXContainerItemProxy */ = {
			isa = PBXContainerItemProxy;
			containerPortal = 336298011B2D43F100EF6074 /* Project object */;
			proxyType = 1;
			remoteGlobalIDString = 336298081B2D43F100EF6074;
			remoteInfo = "crap app.";
		};
/* End PBXContainerItemProxy section */

/* Begin PBXFileReference section */
		336298091B2D43F100EF6074 /* crap app..app */ = {isa = PBXFileReference; explicitFileType = wrapper.application; includeInIndex = 0; path = "crap app..app"; sourceTree = BUILT_PRODUCTS_DIR; };
		3362980D1B2D43F100EF6074 /* Info.plist */ = {isa = PBXFileReference; lastKnownFileType = text.plist.xml; path = Info.plist; sourceTree = "<group>"; };
		3362980E1B2D43F100EF6074 /* AppDelegate.swift */ = {isa = PBXFileReference; lastKnownFileType = sourcecode.swift; path = AppDelegate.swift; sourceTree = "<group>"; };
		336298101B2D43F100EF6074 /* ViewController.swift */ = {isa = PBXFileReference; lastKnownFileType = sourcecode.swift; path = ViewController.swift; sourceTree = "<group>"; };
		336298131B2D43F100EF6074 /* Base */ = {isa = PBXFileReference; lastKnownFileType = file.storyboard; name = Base; path = Base.lproj/Main.storyboard; sourceTree = "<group>"; };
		336298151B2D43F100EF6074 /* Images.xcassets */ = {isa = PBXFileReference; lastKnownFileType = folder.assetcatalog; path = Images.xcassets; sourceTree = "<group>"; };
		336298181B2D43F100EF6074 /* Base */ = {isa = PBXFileReference; lastKnownFileType = file.xib; name = Base; path = Base.lproj/LaunchScreen.xib; sourceTree = "<group>"; };
		3362981E1B2D43F100EF6074 /* crap app.Tests.xctest */ = {isa = PBXFileReference; explicitFileType = wrapper.cfbundle; includeInIndex = 0; path = "crap app.Tests.xctest"; sourceTree = BUILT_PRODUCTS_DIR; };
		336298231B2D43F100EF6074 /* Info.plist */ = {isa = PBXFileReference; lastKnownFileType = text.plist.xml; path = Info.plist; sourceTree = "<group>"; };
		336298241B2D43F100EF6074 /* crap_app_Tests.swift */ = {isa = PBXFileReference; lastKnownFileType = sourcecode.swift; path = crap_app_Tests.swift; sourceTree = "<group>"; };
/* End PBXFileReference section */

/* Begin PBXFrameworksBuildPhase section */
		336298061B2D43F100EF6074 /* Frameworks */ = {
			isa = PBXFrameworksBuildPhase;
			buildActionMask = 2147483647;
			files = (
			);
			runOnlyForDeploymentPostprocessing = 0;
		};
		3362981B1B2D43F100EF6074 /* Frameworks */ = {
			isa = PBXFrameworksBuildPhase;
			buildActionMask = 2147483647;
			files = (
			);
			runOnlyForDeploymentPostprocessing = 0;
		};
/* End PBXFrameworksBuildPhase section */

/* Begin PBXGroup section */
		336298001B2D43F100EF6074 = {
			isa = PBXGroup;
			children = (
				3362980B1B2D43F100EF6074 /* crap app. */,
				336298211B2D43F100EF6074 /* crap app.Tests */,
				3362980A1B2D43F100EF6074 /* Products */,
			);
			sourceTree = "<group>";
		};
		3362980A1B2D43F100EF6074 /* Products */ = {
			isa = PBXGroup;
			children = (
				336298091B2D43F100EF6074 /* crap app..app */,
				3362981E1B2D43F100EF6074 /* crap app.Tests.xctest */,
			);
			name = Products;
			sourceTree = "<group>";
		};
		3362980B1B2D43F100EF6074 /* crap app. */ = {
			isa = PBXGroup;
			children = (
				3362980E1B2D43F100EF6074 /* AppDelegate.swift */,
				336298101B2D43F100EF6074 /* ViewController.swift */,
				336298121B2D43F100EF6074 /* Main.storyboard */,
				336298151B2D43F100EF6074 /* Images.xcassets */,
				336298171B2D43F100EF6074 /* LaunchScreen.xib */,
				3362980C1B2D43F100EF6074 /* Supporting Files */,
			);
			path = "crap app.";
			sourceTree = "<group>";
		};
		3362980C1B2D43F100EF6074 /* Supporting Files */ = {
			isa = PBXGroup;
			children = (
				3362980D1B2D43F100EF6074 /* Info.plist */,
			);
			name = "Supporting Files";
			sourceTree = "<group>";
		};
		336298211B2D43F100EF6074 /* crap app.Tests */ = {
			isa = PBXGroup;
			children = (
				336298241B2D43F100EF6074 /* crap_app_Tests.swift */,
				336298221B2D43F100EF6074 /* Supporting Files */,
			);
			path = "crap app.Tests";
			sourceTree = "<group>";
		};
		336298221B2D43F100EF6074 /* Supporting Files */ = {
			isa = PBXGroup;
			children = (
				336298231B2D43F100EF6074 /* Info.plist */,
			);
			name = "Supporting Files";
			sourceTree = "<group>";
		};
/* End PBXGroup section */

/* Begin PBXNativeTarget section */
		336298081B2D43F100EF6074 /* crap app. */ = {
			isa = PBXNativeTarget;
			buildConfigurationList = 336298281B2D43F100EF6074 /* Build configuration list for PBXNativeTarget "crap app." */;
			buildPhases = (
				336298051B2D43F100EF6074 /* Sources */,
				336298061B2D43F100EF6074 /* Frameworks */,
				336298071B2D43F100EF6074 /* Resources */,
			);
			buildRules = (
			);
			dependencies = (
			);
			name = "crap app.";
			productName = "crap app.";
			productReference = 336298091B2D43F100EF6074 /* crap app..app */;
			productType = "com.apple.product-type.application";
		};
		3362981D1B2D43F100EF6074 /* crap app.Tests */ = {
			isa = PBXNativeTarget;
			buildConfigurationList = 3362982B1B2D43F100EF6074 /* Build configuration list for PBXNativeTarget "crap app.Tests" */;
			buildPhases = (
				3362981A1B2D43F100EF6074 /* Sources */,
				3362981B1B2D43F100EF6074 /* Frameworks */,
				3362981C1B2D43F100EF6074 /* Resources */,
			);
			buildRules = (
			);
			dependencies = (
				336298201B2D43F100EF6074 /* PBXTargetDependency */,
			);
			name = "crap app.Tests";
			productName = "crap app.Tests";
			productReference = 3362981E1B2D43F100EF6074 /* crap app.Tests.xctest */;
			productType = "com.apple.product-type.bundle.unit-test";
		};
/* End PBXNativeTarget section */

/* Begin PBXProject section */
		336298011B2D43F100EF6074 /* Project object */ = {
			isa = PBXProject;
			attributes = {
				LastUpgradeCheck = 0630;
				ORGANIZATIONNAME = "Takuzen Tou";
				TargetAttributes = {
					336298081B2D43F100EF6074 = {
						CreatedOnToolsVersion = 6.3.2;
					};
					3362981D1B2D43F100EF6074 = {
						CreatedOnToolsVersion = 6.3.2;
						TestTargetID = 336298081B2D43F100EF6074;
					};
				};
			};
			buildConfigurationList = 336298041B2D43F100EF6074 /* Build configuration list for PBXProject "crap app." */;
			compatibilityVersion = "Xcode 3.2";
			developmentRegion = English;
			hasScannedForEncodings = 0;
			knownRegions = (
				en,
				Base,
			);
			mainGroup = 336298001B2D43F100EF6074;
			productRefGroup = 3362980A1B2D43F100EF6074 /* Products */;
			projectDirPath = "";
			projectRoot = "";
			targets = (
				336298081B2D43F100EF6074 /* crap app. */,
				3362981D1B2D43F100EF6074 /* crap app.Tests */,
			);
		};
/* End PBXProject section */

/* Begin PBXResourcesBuildPhase section */
		336298071B2D43F100EF6074 /* Resources */ = {
			isa = PBXResourcesBuildPhase;
			buildActionMask = 2147483647;
			files = (
				336298141B2D43F100EF6074 /* Main.storyboard in Resources */,
				336298191B2D43F100EF6074 /* LaunchScreen.xib in Resources */,
				336298161B2D43F100EF6074 /* Images.xcassets in Resources */,
			);
			runOnlyForDeploymentPostprocessing = 0;
		};
		3362981C1B2D43F100EF6074 /* Resources */ = {
			isa = PBXResourcesBuildPhase;
			buildActionMask = 2147483647;
			files = (
			);
			runOnlyForDeploymentPostprocessing = 0;
		};
/* End PBXResourcesBuildPhase section */

/* Begin PBXSourcesBuildPhase section */
		336298051B2D43F100EF6074 /* Sources */ = {
			isa = PBXSourcesBuildPhase;
			buildActionMask = 2147483647;
			files = (
				336298111B2D43F100EF6074 /* ViewController.swift in Sources */,
				3362980F1B2D43F100EF6074 /* AppDelegate.swift in Sources */,
			);
			runOnlyForDeploymentPostprocessing = 0;
		};
		3362981A1B2D43F100EF6074 /* Sources */ = {
			isa = PBXSourcesBuildPhase;
			buildActionMask = 2147483647;
			files = (
				336298251B2D43F100EF6074 /* crap_app_Tests.swift in Sources */,
			);
			runOnlyForDeploymentPostprocessing = 0;
		};
/* End PBXSourcesBuildPhase section */

/* Begin PBXTargetDependency section */
		336298201B2D43F100EF6074 /* PBXTargetDependency */ = {
			isa = PBXTargetDependency;
			target = 336298081B2D43F100EF6074 /* crap app. */;
			targetProxy = 3362981F1B2D43F100EF6074 /* PBXContainerItemProxy */;
		};
/* End PBXTargetDependency section */

/* Begin PBXVariantGroup section */
		336298121B2D43F100EF6074 /* Main.storyboard */ = {
			isa = PBXVariantGroup;
			children = (
				336298131B2D43F100EF6074 /* Base */,
			);
			name = Main.storyboard;
			sourceTree = "<group>";
		};
		336298171B2D43F100EF6074 /* LaunchScreen.xib */ = {
			isa = PBXVariantGroup;
			children = (
				336298181B2D43F100EF6074 /* Base */,
			);
			name = LaunchScreen.xib;
			sourceTree = "<group>";
		};
/* End PBXVariantGroup section */

/* Begin XCBuildConfiguration section */
		336298261B2D43F100EF6074 /* Debug */ = {
			isa = XCBuildConfiguration;
			buildSettings = {
				ALWAYS_SEARCH_USER_PATHS = NO;
				CLANG_CXX_LANGUAGE_STANDARD = "gnu++0x";
				CLANG_CXX_LIBRARY = "libc++";
				CLANG_ENABLE_MODULES = YES;
				CLANG_ENABLE_OBJC_ARC = YES;
				CLANG_WARN_BOOL_CONVERSION = YES;
				CLANG_WARN_CONSTANT_CONVERSION = YES;
				CLANG_WARN_DIRECT_OBJC_ISA_USAGE = YES_ERROR;
				CLANG_WARN_EMPTY_BODY = YES;
				CLANG_WARN_ENUM_CONVERSION = YES;
				CLANG_WARN_INT_CONVERSION = YES;
				CLANG_WARN_OBJC_ROOT_CLASS = YES_ERROR;
				CLANG_WARN_UNREACHABLE_CODE = YES;
				CLANG_WARN__DUPLICATE_METHOD_MATCH = YES;
				"CODE_SIGN_IDENTITY[sdk=iphoneos*]" = "iPhone Developer";
				COPY_PHASE_STRIP = NO;
				DEBUG_INFORMATION_FORMAT = "dwarf-with-dsym";
				ENABLE_STRICT_OBJC_MSGSEND = YES;
				GCC_C_LANGUAGE_STANDARD = gnu99;
				GCC_DYNAMIC_NO_PIC = NO;
				GCC_NO_COMMON_BLOCKS = YES;
				GCC_OPTIMIZATION_LEVEL = 0;
				GCC_PREPROCESSOR_DEFINITIONS = (
					"DEBUG=1",
					"$(inherited)",
				);
				GCC_SYMBOLS_PRIVATE_EXTERN = NO;
				GCC_WARN_64_TO_32_BIT_CONVERSION = YES;
				GCC_WARN_ABOUT_RETURN_TYPE = YES_ERROR;
				GCC_WARN_UNDECLARED_SELECTOR = YES;
				GCC_WARN_UNINITIALIZED_AUTOS = YES_AGGRESSIVE;
				GCC_WARN_UNUSED_FUNCTION = YES;
				GCC_WARN_UNUSED_VARIABLE = YES;
				IPHONEOS_DEPLOYMENT_TARGET = 8.3;
				MTL_ENABLE_DEBUG_INFO = YES;
				ONLY_ACTIVE_ARCH = YES;
				SDKROOT = iphoneos;
				SWIFT_OPTIMIZATION_LEVEL = "-Onone";
			};
			name = Debug;
		};
		336298271B2D43F100EF6074 /* Release */ = {
			isa = XCBuildConfiguration;
			buildSettings = {
				ALWAYS_SEARCH_USER_PATHS = NO;
				CLANG_CXX_LANGUAGE_STANDARD = "gnu++0x";
				CLANG_CXX_LIBRARY = "libc++";
				CLANG_ENABLE_MODULES = YES;
				CLANG_ENABLE_OBJC_ARC = YES;
				CLANG_WARN_BOOL_CONVERSION = YES;
				CLANG_WARN_CONSTANT_CONVERSION = YES;
				CLANG_WARN_DIRECT_OBJC_ISA_USAGE = YES_ERROR;
				CLANG_WARN_EMPTY_BODY = YES;
				CLANG_WARN_ENUM_CONVERSION = YES;
				CLANG_WARN_INT_CONVERSION = YES;
				CLANG_WARN_OBJC_ROOT_CLASS = YES_ERROR;
				CLANG_WARN_UNREACHABLE_CODE = YES;
				CLANG_WARN__DUPLICATE_METHOD_MATCH = YES;
				"CODE_SIGN_IDENTITY[sdk=iphoneos*]" = "iPhone Developer";
				COPY_PHASE_STRIP = NO;
				DEBUG_INFORMATION_FORMAT = "dwarf-with-dsym";
				ENABLE_NS_ASSERTIONS = NO;
				ENABLE_STRICT_OBJC_MSGSEND = YES;
				GCC_C_LANGUAGE_STANDARD = gnu99;
				GCC_NO_COMMON_BLOCKS = YES;
				GCC_WARN_64_TO_32_BIT_CONVERSION = YES;
				GCC_WARN_ABOUT_RETURN_TYPE = YES_ERROR;
				GCC_WARN_UNDECLARED_SELECTOR = YES;
				GCC_WARN_UNINITIALIZED_AUTOS = YES_AGGRESSIVE;
				GCC_WARN_UNUSED_FUNCTION = YES;
				GCC_WARN_UNUSED_VARIABLE = YES;
				IPHONEOS_DEPLOYMENT_TARGET = 8.3;
				MTL_ENABLE_DEBUG_INFO = NO;
				SDKROOT = iphoneos;
				VALIDATE_PRODUCT = YES;
			};
			name = Release;
		};
		336298291B2D43F100EF6074 /* Debug */ = {
			isa = XCBuildConfiguration;
			buildSettings = {
				ASSETCATALOG_COMPILER_APPICON_NAME = AppIcon;
				INFOPLIST_FILE = "crap app./Info.plist";
				LD_RUNPATH_SEARCH_PATHS = "$(inherited) @executable_path/Frameworks";
				PRODUCT_NAME = "$(TARGET_NAME)";
			};
			name = Debug;
		};
		3362982A1B2D43F100EF6074 /* Release */ = {
			isa = XCBuildConfiguration;
			buildSettings = {
				ASSETCATALOG_COMPILER_APPICON_NAME = AppIcon;
				INFOPLIST_FILE = "crap app./Info.plist";
				LD_RUNPATH_SEARCH_PATHS = "$(inherited) @executable_path/Frameworks";
				PRODUCT_NAME = "$(TARGET_NAME)";
			};
			name = Release;
		};
		3362982C1B2D43F100EF6074 /* Debug */ = {
			isa = XCBuildConfiguration;
			buildSettings = {
				BUNDLE_LOADER = "$(TEST_HOST)";
				FRAMEWORK_SEARCH_PATHS = (
					"$(SDKROOT)/Developer/Library/Frameworks",
					"$(inherited)",
				);
				GCC_PREPROCESSOR_DEFINITIONS = (
					"DEBUG=1",
					"$(inherited)",
				);
				INFOPLIST_FILE = "crap app.Tests/Info.plist";
				LD_RUNPATH_SEARCH_PATHS = "$(inherited) @executable_path/Frameworks @loader_path/Frameworks";
				PRODUCT_NAME = "$(TARGET_NAME)";
				TEST_HOST = "$(BUILT_PRODUCTS_DIR)/crap app..app/crap app.";
			};
			name = Debug;
		};
		3362982D1B2D43F100EF6074 /* Release */ = {
			isa = XCBuildConfiguration;
			buildSettings = {
				BUNDLE_LOADER = "$(TEST_HOST)";
				FRAMEWORK_SEARCH_PATHS = (
					"$(SDKROOT)/Developer/Library/Frameworks",
					"$(inherited)",
				);
				INFOPLIST_FILE = "crap app.Tests/Info.plist";
				LD_RUNPATH_SEARCH_PATHS = "$(inherited) @executable_path/Frameworks @loader_path/Frameworks";
				PRODUCT_NAME = "$(TARGET_NAME)";
				TEST_HOST = "$(BUILT_PRODUCTS_DIR)/crap app..app/crap app.";
			};
			name = Release;
		};
/* End XCBuildConfiguration section */

/* Begin XCConfigurationList section */
		336298041B2D43F100EF6074 /* Build configuration list for PBXProject "crap app." */ = {
			isa = XCConfigurationList;
			buildConfigurations = (
				336298261B2D43F100EF6074 /* Debug */,
				336298271B2D43F100EF6074 /* Release */,
			);
			defaultConfigurationIsVisible = 0;
			defaultConfigurationName = Release;
		};
		336298281B2D43F100EF6074 /* Build configuration list for PBXNativeTarget "crap app." */ = {
			isa = XCConfigurationList;
			buildConfigurations = (
				336298291B2D43F100EF6074 /* Debug */,
				3362982A1B2D43F100EF6074 /* Release */,
			);
			defaultConfigurationIsVisible = 0;
		};
		3362982B1B2D43F100EF6074 /* Build configuration list for PBXNativeTarget "crap app.Tests" */ = {
			isa = XCConfigurationList;
			buildConfigurations = (
				3362982C1B2D43F100EF6074 /* Debug */,
				3362982D1B2D43F100EF6074 /* Release */,
			);
			defaultConfigurationIsVisible = 0;
		};
/* End XCConfigurationList section */
	};
	rootObject = 336298011B2D43F100EF6074 /* Project object */;
}
